
Microsoft Visual Studio Solution File, Format Version 12.00
# Visual Studio Version 17
VisualStudioVersion = 17.7.34202.233
MinimumVisualStudioVersion = 10.0.40219.1
Project("{F184B08F-C81C-45F6-A57F-5ABD9991F28F}") = "InverseNumber", "InverseNumber\InverseNumber.vbproj", "{602D1DB7-336F-437F-8EBD-D2D52C18E4BC}"
EndProject
Global
	GlobalSection(SolutionConfigurationPlatforms) = preSolution
		Debug|Any CPU = Debug|Any CPU
		Release|Any CPU = Release|Any CPU
	EndGlobalSection
	GlobalSection(ProjectConfigurationPlatforms) = postSolution
		{602D1DB7-336F-437F-8EBD-D2D52C18E4BC}.Debug|Any CPU.ActiveCfg = Debug|Any CPU
		{602D1DB7-336F-437F-8EBD-D2D52C18E4BC}.Debug|Any CPU.Build.0 = Debug|Any CPU
		{602D1DB7-336F-437F-8EBD-D2D52C18E4BC}.Release|Any CPU.ActiveCfg = Release|Any CPU
		{602D1DB7-336F-437F-8EBD-D2D52C18E4BC}.Release|Any CPU.Build.0 = Release|Any CPU
	EndGlobalSection
	GlobalSection(SolutionProperties) = preSolution
		HideSolutionNode = FALSE
	EndGlobalSection
	GlobalSection(ExtensibilityGlobals) = postSolution
		SolutionGuid = {6EB2D845-2FAB-4BBC-B7A0-9B92CCFFC783}
	EndGlobalSection
EndGlobal
